
Microsoft Visual Studio Solution File, Format Version 12.00
# Visual Studio Version 17
VisualStudioVersion = 17.8.34525.116
MinimumVisualStudioVersion = 10.0.40219.1
Project("{FAE04EC0-301F-11D3-BF4B-00C04F79EFBC}") = "backend", "backend.csproj", "{B77985CC-2BE4-4560-A1A5-CDC303AD26AB}"
EndProject
Global
	GlobalSection(SolutionConfigurationPlatforms) = preSolution
		Debug|Any CPU = Debug|Any CPU
		Release|Any CPU = Release|Any CPU
	EndGlobalSection
	GlobalSection(ProjectConfigurationPlatforms) = postSolution
		{B77985CC-2BE4-4560-A1A5-CDC303AD26AB}.Debug|Any CPU.ActiveCfg = Debug|Any CPU
		{B77985CC-2BE4-4560-A1A5-CDC303AD26AB}.Debug|Any CPU.Build.0 = Debug|Any CPU
		{B77985CC-2BE4-4560-A1A5-CDC303AD26AB}.Release|Any CPU.ActiveCfg = Release|Any CPU
		{B77985CC-2BE4-4560-A1A5-CDC303AD26AB}.Release|Any CPU.Build.0 = Release|Any CPU
	EndGlobalSection
	GlobalSection(SolutionProperties) = preSolution
		HideSolutionNode = FALSE
	EndGlobalSection
	GlobalSection(ExtensibilityGlobals) = postSolution
		SolutionGuid = {A4691EEC-4B4E-4A23-B6A9-FAA60C6891D6}
	EndGlobalSection
EndGlobal
